
Microsoft Visual Studio Solution File, Format Version 12.00
# Visual Studio Version 16
VisualStudioVersion = 16.0.31205.134
MinimumVisualStudioVersion = 10.0.40219.1
Project("{FAE04EC0-301F-11D3-BF4B-00C04F79EFBC}") = "CollectionPractice", "CollectionPractice\CollectionPractice.csproj", "{66350BA5-161E-4E55-9226-E0513816E4D2}"
EndProject
Global
	GlobalSection(SolutionConfigurationPlatforms) = preSolution
		Debug|Any CPU = Debug|Any CPU
		Release|Any CPU = Release|Any CPU
	EndGlobalSection
	GlobalSection(ProjectConfigurationPlatforms) = postSolution
		{66350BA5-161E-4E55-9226-E0513816E4D2}.Debug|Any CPU.ActiveCfg = Debug|Any CPU
		{66350BA5-161E-4E55-9226-E0513816E4D2}.Debug|Any CPU.Build.0 = Debug|Any CPU
		{66350BA5-161E-4E55-9226-E0513816E4D2}.Release|Any CPU.ActiveCfg = Release|Any CPU
		{66350BA5-161E-4E55-9226-E0513816E4D2}.Release|Any CPU.Build.0 = Release|Any CPU
	EndGlobalSection
	GlobalSection(SolutionProperties) = preSolution
		HideSolutionNode = FALSE
	EndGlobalSection
	GlobalSection(ExtensibilityGlobals) = postSolution
		SolutionGuid = {1B9A2C28-A5A2-4C09-A965-36EE156AE5B2}
	EndGlobalSection
EndGlobal
