
Microsoft Visual Studio Solution File, Format Version 12.00
# Visual Studio Version 16
VisualStudioVersion = 16.0.31205.134
MinimumVisualStudioVersion = 10.0.40219.1
Project("{FAE04EC0-301F-11D3-BF4B-00C04F79EFBC}") = "boxingUnboxing", "boxingUnboxing\boxingUnboxing.csproj", "{1B25B992-390F-412F-8D8F-8BB75599327D}"
EndProject
Global
	GlobalSection(SolutionConfigurationPlatforms) = preSolution
		Debug|Any CPU = Debug|Any CPU
		Release|Any CPU = Release|Any CPU
	EndGlobalSection
	GlobalSection(ProjectConfigurationPlatforms) = postSolution
		{1B25B992-390F-412F-8D8F-8BB75599327D}.Debug|Any CPU.ActiveCfg = Debug|Any CPU
		{1B25B992-390F-412F-8D8F-8BB75599327D}.Debug|Any CPU.Build.0 = Debug|Any CPU
		{1B25B992-390F-412F-8D8F-8BB75599327D}.Release|Any CPU.ActiveCfg = Release|Any CPU
		{1B25B992-390F-412F-8D8F-8BB75599327D}.Release|Any CPU.Build.0 = Release|Any CPU
	EndGlobalSection
	GlobalSection(SolutionProperties) = preSolution
		HideSolutionNode = FALSE
	EndGlobalSection
	GlobalSection(ExtensibilityGlobals) = postSolution
		SolutionGuid = {DC047347-996A-480A-896B-1AA7D1120265}
	EndGlobalSection
EndGlobal
